
Microsoft Visual Studio Solution File, Format Version 12.00
# Visual Studio 14
VisualStudioVersion = 14.0.23107.0
MinimumVisualStudioVersion = 10.0.40219.1
Project("{151D2E53-A2C4-4D7D-83FE-D05416EBD58E}") = "DemoCICDDeploymentProj", "DemoCICDDeploymentProj\DemoCICDDeploymentProj.deployproj", "{66843226-5228-4D26-8AE3-063F0004AA09}"
EndProject
Project("{FAE04EC0-301F-11D3-BF4B-00C04F79EFBC}") = "DemoCICDWebApp", "DemoCICDWebApp\DemoCICDWebApp.csproj", "{10FC7E44-98D8-4EBF-ADF0-5BF7350617C1}"
EndProject
Project("{FAE04EC0-301F-11D3-BF4B-00C04F79EFBC}") = "DemoCICDWebApp.Tests", "DemoCICDWebApp.Tests\DemoCICDWebApp.Tests.csproj", "{926D673E-BC22-48BB-BFA5-E54192CE976A}"
EndProject
Global
	GlobalSection(SolutionConfigurationPlatforms) = preSolution
		Debug|Any CPU = Debug|Any CPU
		Release|Any CPU = Release|Any CPU
	EndGlobalSection
	GlobalSection(ProjectConfigurationPlatforms) = postSolution
		{66843226-5228-4D26-8AE3-063F0004AA09}.Debug|Any CPU.ActiveCfg = Debug|Any CPU
		{66843226-5228-4D26-8AE3-063F0004AA09}.Debug|Any CPU.Build.0 = Debug|Any CPU
		{66843226-5228-4D26-8AE3-063F0004AA09}.Release|Any CPU.ActiveCfg = Release|Any CPU
		{66843226-5228-4D26-8AE3-063F0004AA09}.Release|Any CPU.Build.0 = Release|Any CPU
		{10FC7E44-98D8-4EBF-ADF0-5BF7350617C1}.Debug|Any CPU.ActiveCfg = Debug|Any CPU
		{10FC7E44-98D8-4EBF-ADF0-5BF7350617C1}.Debug|Any CPU.Build.0 = Debug|Any CPU
		{10FC7E44-98D8-4EBF-ADF0-5BF7350617C1}.Release|Any CPU.ActiveCfg = Release|Any CPU
		{10FC7E44-98D8-4EBF-ADF0-5BF7350617C1}.Release|Any CPU.Build.0 = Release|Any CPU
		{926D673E-BC22-48BB-BFA5-E54192CE976A}.Debug|Any CPU.ActiveCfg = Debug|Any CPU
		{926D673E-BC22-48BB-BFA5-E54192CE976A}.Debug|Any CPU.Build.0 = Debug|Any CPU
		{926D673E-BC22-48BB-BFA5-E54192CE976A}.Release|Any CPU.ActiveCfg = Release|Any CPU
		{926D673E-BC22-48BB-BFA5-E54192CE976A}.Release|Any CPU.Build.0 = Release|Any CPU
	EndGlobalSection
	GlobalSection(SolutionProperties) = preSolution
		HideSolutionNode = FALSE
	EndGlobalSection
EndGlobal
